
Microsoft Visual Studio Solution File, Format Version 11.00
# Visual Studio 2010
Project("{FAE04EC0-301F-11D3-BF4B-00C04F79EFBC}") = "graze", "graze.csproj", "{DB34292C-2434-49A3-BAA2-1BCA8E28064A}"
EndProject
Global
	GlobalSection(SolutionConfigurationPlatforms) = preSolution
		Debug|x86 = Debug|x86
		Release|x86 = Release|x86
	EndGlobalSection
	GlobalSection(ProjectConfigurationPlatforms) = postSolution
		{DB34292C-2434-49A3-BAA2-1BCA8E28064A}.Debug|x86.ActiveCfg = Debug|x86
		{DB34292C-2434-49A3-BAA2-1BCA8E28064A}.Debug|x86.Build.0 = Debug|x86
		{DB34292C-2434-49A3-BAA2-1BCA8E28064A}.Release|x86.ActiveCfg = Release|x86
		{DB34292C-2434-49A3-BAA2-1BCA8E28064A}.Release|x86.Build.0 = Release|x86
	EndGlobalSection
	GlobalSection(SolutionProperties) = preSolution
		HideSolutionNode = FALSE
	EndGlobalSection
EndGlobal
