
Microsoft Visual Studio Solution File, Format Version 12.00
# Visual Studio Version 16
VisualStudioVersion = 16.0.28606.126
MinimumVisualStudioVersion = 10.0.40219.1
Project("{9A19103F-16F7-4668-BE54-9A1E7A4F7556}") = "graze.contracts", "contracts\graze.contracts.csproj", "{8151C0F4-F069-4CB0-8D7C-B835DF063E22}"
EndProject
Project("{9A19103F-16F7-4668-BE54-9A1E7A4F7556}") = "graze.extra.markdown", "extras\graze.extra.markdown\graze.extra.markdown.csproj", "{AA283C88-6951-4C06-8A5D-D6F3B2B7E4E3}"
EndProject
Project("{9A19103F-16F7-4668-BE54-9A1E7A4F7556}") = "graze.extra.rss", "extras\graze.extra.rss\graze.extra.rss.csproj", "{5AF7BC55-BE58-4D3A-A36D-657EC1F0256A}"
EndProject
Project("{9A19103F-16F7-4668-BE54-9A1E7A4F7556}") = "graze.extra.html", "extras\graze.extra.html\graze.extra.html.csproj", "{4926625A-0D71-4DAA-9ABA-D361CAA736DF}"
EndProject
Project("{9A19103F-16F7-4668-BE54-9A1E7A4F7556}") = "graze.extra.youtube", "extras\graze.extra.youtube\graze.extra.youtube.csproj", "{BEEF4C01-F510-412C-BD4E-B94B4392309B}"
EndProject
Project("{9A19103F-16F7-4668-BE54-9A1E7A4F7556}") = "graze.extra.childpages", "extras\graze.extra.blog\graze.extra.childpages.csproj", "{85424E37-383C-40D8-8A65-671480826B2D}"
EndProject
Project("{9A19103F-16F7-4668-BE54-9A1E7A4F7556}") = "graze", "graze\graze.csproj", "{F8CC8435-AF7F-4E06-9150-B5153CD76B04}"
	ProjectSection(ProjectDependencies) = postProject
		{BEEF4C01-F510-412C-BD4E-B94B4392309B} = {BEEF4C01-F510-412C-BD4E-B94B4392309B}
		{85424E37-383C-40D8-8A65-671480826B2D} = {85424E37-383C-40D8-8A65-671480826B2D}
		{5AF7BC55-BE58-4D3A-A36D-657EC1F0256A} = {5AF7BC55-BE58-4D3A-A36D-657EC1F0256A}
		{4926625A-0D71-4DAA-9ABA-D361CAA736DF} = {4926625A-0D71-4DAA-9ABA-D361CAA736DF}
		{AA283C88-6951-4C06-8A5D-D6F3B2B7E4E3} = {AA283C88-6951-4C06-8A5D-D6F3B2B7E4E3}
	EndProjectSection
EndProject
Global
	GlobalSection(SolutionConfigurationPlatforms) = preSolution
		Debug|Any CPU = Debug|Any CPU
		Debug|Mixed Platforms = Debug|Mixed Platforms
		Debug|x86 = Debug|x86
		Release|Any CPU = Release|Any CPU
		Release|Mixed Platforms = Release|Mixed Platforms
		Release|x86 = Release|x86
	EndGlobalSection
	GlobalSection(ProjectConfigurationPlatforms) = postSolution
		{8151C0F4-F069-4CB0-8D7C-B835DF063E22}.Debug|Any CPU.ActiveCfg = Debug|Any CPU
		{8151C0F4-F069-4CB0-8D7C-B835DF063E22}.Debug|Any CPU.Build.0 = Debug|Any CPU
		{8151C0F4-F069-4CB0-8D7C-B835DF063E22}.Debug|Mixed Platforms.ActiveCfg = Debug|Any CPU
		{8151C0F4-F069-4CB0-8D7C-B835DF063E22}.Debug|Mixed Platforms.Build.0 = Debug|Any CPU
		{8151C0F4-F069-4CB0-8D7C-B835DF063E22}.Debug|x86.ActiveCfg = Debug|Any CPU
		{8151C0F4-F069-4CB0-8D7C-B835DF063E22}.Release|Any CPU.ActiveCfg = Release|Any CPU
		{8151C0F4-F069-4CB0-8D7C-B835DF063E22}.Release|Any CPU.Build.0 = Release|Any CPU
		{8151C0F4-F069-4CB0-8D7C-B835DF063E22}.Release|Mixed Platforms.ActiveCfg = Release|Any CPU
		{8151C0F4-F069-4CB0-8D7C-B835DF063E22}.Release|Mixed Platforms.Build.0 = Release|Any CPU
		{8151C0F4-F069-4CB0-8D7C-B835DF063E22}.Release|x86.ActiveCfg = Release|Any CPU
		{AA283C88-6951-4C06-8A5D-D6F3B2B7E4E3}.Debug|Any CPU.ActiveCfg = Debug|Any CPU
		{AA283C88-6951-4C06-8A5D-D6F3B2B7E4E3}.Debug|Any CPU.Build.0 = Debug|Any CPU
		{AA283C88-6951-4C06-8A5D-D6F3B2B7E4E3}.Debug|Mixed Platforms.ActiveCfg = Debug|Any CPU
		{AA283C88-6951-4C06-8A5D-D6F3B2B7E4E3}.Debug|Mixed Platforms.Build.0 = Debug|Any CPU
		{AA283C88-6951-4C06-8A5D-D6F3B2B7E4E3}.Debug|x86.ActiveCfg = Debug|Any CPU
		{AA283C88-6951-4C06-8A5D-D6F3B2B7E4E3}.Release|Any CPU.ActiveCfg = Release|Any CPU
		{AA283C88-6951-4C06-8A5D-D6F3B2B7E4E3}.Release|Any CPU.Build.0 = Release|Any CPU
		{AA283C88-6951-4C06-8A5D-D6F3B2B7E4E3}.Release|Mixed Platforms.ActiveCfg = Release|Any CPU
		{AA283C88-6951-4C06-8A5D-D6F3B2B7E4E3}.Release|Mixed Platforms.Build.0 = Release|Any CPU
		{AA283C88-6951-4C06-8A5D-D6F3B2B7E4E3}.Release|x86.ActiveCfg = Release|Any CPU
		{5AF7BC55-BE58-4D3A-A36D-657EC1F0256A}.Debug|Any CPU.ActiveCfg = Debug|Any CPU
		{5AF7BC55-BE58-4D3A-A36D-657EC1F0256A}.Debug|Any CPU.Build.0 = Debug|Any CPU
		{5AF7BC55-BE58-4D3A-A36D-657EC1F0256A}.Debug|Mixed Platforms.ActiveCfg = Debug|Any CPU
		{5AF7BC55-BE58-4D3A-A36D-657EC1F0256A}.Debug|Mixed Platforms.Build.0 = Debug|Any CPU
		{5AF7BC55-BE58-4D3A-A36D-657EC1F0256A}.Debug|x86.ActiveCfg = Debug|Any CPU
		{5AF7BC55-BE58-4D3A-A36D-657EC1F0256A}.Release|Any CPU.ActiveCfg = Release|Any CPU
		{5AF7BC55-BE58-4D3A-A36D-657EC1F0256A}.Release|Any CPU.Build.0 = Release|Any CPU
		{5AF7BC55-BE58-4D3A-A36D-657EC1F0256A}.Release|Mixed Platforms.ActiveCfg = Release|Any CPU
		{5AF7BC55-BE58-4D3A-A36D-657EC1F0256A}.Release|Mixed Platforms.Build.0 = Release|Any CPU
		{5AF7BC55-BE58-4D3A-A36D-657EC1F0256A}.Release|x86.ActiveCfg = Release|Any CPU
		{4926625A-0D71-4DAA-9ABA-D361CAA736DF}.Debug|Any CPU.ActiveCfg = Debug|Any CPU
		{4926625A-0D71-4DAA-9ABA-D361CAA736DF}.Debug|Any CPU.Build.0 = Debug|Any CPU
		{4926625A-0D71-4DAA-9ABA-D361CAA736DF}.Debug|Mixed Platforms.ActiveCfg = Debug|Any CPU
		{4926625A-0D71-4DAA-9ABA-D361CAA736DF}.Debug|Mixed Platforms.Build.0 = Debug|Any CPU
		{4926625A-0D71-4DAA-9ABA-D361CAA736DF}.Debug|x86.ActiveCfg = Debug|Any CPU
		{4926625A-0D71-4DAA-9ABA-D361CAA736DF}.Release|Any CPU.ActiveCfg = Release|Any CPU
		{4926625A-0D71-4DAA-9ABA-D361CAA736DF}.Release|Any CPU.Build.0 = Release|Any CPU
		{4926625A-0D71-4DAA-9ABA-D361CAA736DF}.Release|Mixed Platforms.ActiveCfg = Release|Any CPU
		{4926625A-0D71-4DAA-9ABA-D361CAA736DF}.Release|Mixed Platforms.Build.0 = Release|Any CPU
		{4926625A-0D71-4DAA-9ABA-D361CAA736DF}.Release|x86.ActiveCfg = Release|Any CPU
		{BEEF4C01-F510-412C-BD4E-B94B4392309B}.Debug|Any CPU.ActiveCfg = Debug|Any CPU
		{BEEF4C01-F510-412C-BD4E-B94B4392309B}.Debug|Any CPU.Build.0 = Debug|Any CPU
		{BEEF4C01-F510-412C-BD4E-B94B4392309B}.Debug|Mixed Platforms.ActiveCfg = Debug|Any CPU
		{BEEF4C01-F510-412C-BD4E-B94B4392309B}.Debug|Mixed Platforms.Build.0 = Debug|Any CPU
		{BEEF4C01-F510-412C-BD4E-B94B4392309B}.Debug|x86.ActiveCfg = Debug|Any CPU
		{BEEF4C01-F510-412C-BD4E-B94B4392309B}.Release|Any CPU.ActiveCfg = Release|Any CPU
		{BEEF4C01-F510-412C-BD4E-B94B4392309B}.Release|Any CPU.Build.0 = Release|Any CPU
		{BEEF4C01-F510-412C-BD4E-B94B4392309B}.Release|Mixed Platforms.ActiveCfg = Release|Any CPU
		{BEEF4C01-F510-412C-BD4E-B94B4392309B}.Release|Mixed Platforms.Build.0 = Release|Any CPU
		{BEEF4C01-F510-412C-BD4E-B94B4392309B}.Release|x86.ActiveCfg = Release|Any CPU
		{85424E37-383C-40D8-8A65-671480826B2D}.Debug|Any CPU.ActiveCfg = Debug|Any CPU
		{85424E37-383C-40D8-8A65-671480826B2D}.Debug|Any CPU.Build.0 = Debug|Any CPU
		{85424E37-383C-40D8-8A65-671480826B2D}.Debug|Mixed Platforms.ActiveCfg = Debug|Any CPU
		{85424E37-383C-40D8-8A65-671480826B2D}.Debug|Mixed Platforms.Build.0 = Debug|Any CPU
		{85424E37-383C-40D8-8A65-671480826B2D}.Debug|x86.ActiveCfg = Debug|Any CPU
		{85424E37-383C-40D8-8A65-671480826B2D}.Release|Any CPU.ActiveCfg = Release|Any CPU
		{85424E37-383C-40D8-8A65-671480826B2D}.Release|Any CPU.Build.0 = Release|Any CPU
		{85424E37-383C-40D8-8A65-671480826B2D}.Release|Mixed Platforms.ActiveCfg = Release|Any CPU
		{85424E37-383C-40D8-8A65-671480826B2D}.Release|Mixed Platforms.Build.0 = Release|Any CPU
		{85424E37-383C-40D8-8A65-671480826B2D}.Release|x86.ActiveCfg = Release|Any CPU
		{F8CC8435-AF7F-4E06-9150-B5153CD76B04}.Debug|Any CPU.ActiveCfg = Debug|Any CPU
		{F8CC8435-AF7F-4E06-9150-B5153CD76B04}.Debug|Any CPU.Build.0 = Debug|Any CPU
		{F8CC8435-AF7F-4E06-9150-B5153CD76B04}.Debug|Mixed Platforms.ActiveCfg = Debug|Any CPU
		{F8CC8435-AF7F-4E06-9150-B5153CD76B04}.Debug|Mixed Platforms.Build.0 = Debug|Any CPU
		{F8CC8435-AF7F-4E06-9150-B5153CD76B04}.Debug|x86.ActiveCfg = Debug|Any CPU
		{F8CC8435-AF7F-4E06-9150-B5153CD76B04}.Debug|x86.Build.0 = Debug|Any CPU
		{F8CC8435-AF7F-4E06-9150-B5153CD76B04}.Release|Any CPU.ActiveCfg = Release|Any CPU
		{F8CC8435-AF7F-4E06-9150-B5153CD76B04}.Release|Any CPU.Build.0 = Release|Any CPU
		{F8CC8435-AF7F-4E06-9150-B5153CD76B04}.Release|Mixed Platforms.ActiveCfg = Release|Any CPU
		{F8CC8435-AF7F-4E06-9150-B5153CD76B04}.Release|Mixed Platforms.Build.0 = Release|Any CPU
		{F8CC8435-AF7F-4E06-9150-B5153CD76B04}.Release|x86.ActiveCfg = Release|Any CPU
		{F8CC8435-AF7F-4E06-9150-B5153CD76B04}.Release|x86.Build.0 = Release|Any CPU
	EndGlobalSection
	GlobalSection(SolutionProperties) = preSolution
		HideSolutionNode = FALSE
	EndGlobalSection
	GlobalSection(ExtensibilityGlobals) = postSolution
		SolutionGuid = {C7D98B45-2D61-4E55-AC5F-F932E2CE9880}
		EnterpriseLibraryConfigurationToolBinariesPath = packages\Unity.2.1.505.0\lib\NET35
	EndGlobalSection
EndGlobal
