
Microsoft Visual Studio Solution File, Format Version 12.00
# Visual Studio 14
VisualStudioVersion = 14.0.22609.0
MinimumVisualStudioVersion = 10.0.40219.1
Project("{FAE04EC0-301F-11D3-BF4B-00C04F79EFBC}") = "graze", "core\graze.csproj", "{DB34292C-2434-49A3-BAA2-1BCA8E28064A}"
	ProjectSection(ProjectDependencies) = postProject
		{BEEF4C01-F510-412C-BD4E-B94B4392309B} = {BEEF4C01-F510-412C-BD4E-B94B4392309B}
		{85424E37-383C-40D8-8A65-671480826B2D} = {85424E37-383C-40D8-8A65-671480826B2D}
		{5AF7BC55-BE58-4D3A-A36D-657EC1F0256A} = {5AF7BC55-BE58-4D3A-A36D-657EC1F0256A}
		{4926625A-0D71-4DAA-9ABA-D361CAA736DF} = {4926625A-0D71-4DAA-9ABA-D361CAA736DF}
		{AA283C88-6951-4C06-8A5D-D6F3B2B7E4E3} = {AA283C88-6951-4C06-8A5D-D6F3B2B7E4E3}
	EndProjectSection
EndProject
Project("{FAE04EC0-301F-11D3-BF4B-00C04F79EFBC}") = "graze.contracts", "contracts\graze.contracts.csproj", "{8151C0F4-F069-4CB0-8D7C-B835DF063E22}"
EndProject
Project("{FAE04EC0-301F-11D3-BF4B-00C04F79EFBC}") = "graze.extra.markdown", "extras\graze.extra.markdown\graze.extra.markdown.csproj", "{AA283C88-6951-4C06-8A5D-D6F3B2B7E4E3}"
EndProject
Project("{FAE04EC0-301F-11D3-BF4B-00C04F79EFBC}") = "graze.extra.rss", "extras\graze.extra.rss\graze.extra.rss.csproj", "{5AF7BC55-BE58-4D3A-A36D-657EC1F0256A}"
EndProject
Project("{FAE04EC0-301F-11D3-BF4B-00C04F79EFBC}") = "graze.extra.html", "extras\graze.extra.html\graze.extra.html.csproj", "{4926625A-0D71-4DAA-9ABA-D361CAA736DF}"
EndProject
Project("{FAE04EC0-301F-11D3-BF4B-00C04F79EFBC}") = "graze.extra.youtube", "extras\graze.extra.youtube\graze.extra.youtube.csproj", "{BEEF4C01-F510-412C-BD4E-B94B4392309B}"
EndProject
Project("{FAE04EC0-301F-11D3-BF4B-00C04F79EFBC}") = "graze.extra.childpages", "extras\graze.extra.blog\graze.extra.childpages.csproj", "{85424E37-383C-40D8-8A65-671480826B2D}"
EndProject
Global
	GlobalSection(SolutionConfigurationPlatforms) = preSolution
		Debug|Any CPU = Debug|Any CPU
		Release|Any CPU = Release|Any CPU
	EndGlobalSection
	GlobalSection(ProjectConfigurationPlatforms) = postSolution
		{DB34292C-2434-49A3-BAA2-1BCA8E28064A}.Debug|Any CPU.ActiveCfg = Debug|Any CPU
		{DB34292C-2434-49A3-BAA2-1BCA8E28064A}.Debug|Any CPU.Build.0 = Debug|Any CPU
		{DB34292C-2434-49A3-BAA2-1BCA8E28064A}.Release|Any CPU.ActiveCfg = Release|Any CPU
		{DB34292C-2434-49A3-BAA2-1BCA8E28064A}.Release|Any CPU.Build.0 = Release|Any CPU
		{8151C0F4-F069-4CB0-8D7C-B835DF063E22}.Debug|Any CPU.ActiveCfg = Debug|Any CPU
		{8151C0F4-F069-4CB0-8D7C-B835DF063E22}.Debug|Any CPU.Build.0 = Debug|Any CPU
		{8151C0F4-F069-4CB0-8D7C-B835DF063E22}.Release|Any CPU.ActiveCfg = Release|Any CPU
		{8151C0F4-F069-4CB0-8D7C-B835DF063E22}.Release|Any CPU.Build.0 = Release|Any CPU
		{AA283C88-6951-4C06-8A5D-D6F3B2B7E4E3}.Debug|Any CPU.ActiveCfg = Debug|Any CPU
		{AA283C88-6951-4C06-8A5D-D6F3B2B7E4E3}.Debug|Any CPU.Build.0 = Debug|Any CPU
		{AA283C88-6951-4C06-8A5D-D6F3B2B7E4E3}.Release|Any CPU.ActiveCfg = Release|Any CPU
		{AA283C88-6951-4C06-8A5D-D6F3B2B7E4E3}.Release|Any CPU.Build.0 = Release|Any CPU
		{5AF7BC55-BE58-4D3A-A36D-657EC1F0256A}.Debug|Any CPU.ActiveCfg = Debug|Any CPU
		{5AF7BC55-BE58-4D3A-A36D-657EC1F0256A}.Debug|Any CPU.Build.0 = Debug|Any CPU
		{5AF7BC55-BE58-4D3A-A36D-657EC1F0256A}.Release|Any CPU.ActiveCfg = Release|Any CPU
		{5AF7BC55-BE58-4D3A-A36D-657EC1F0256A}.Release|Any CPU.Build.0 = Release|Any CPU
		{4926625A-0D71-4DAA-9ABA-D361CAA736DF}.Debug|Any CPU.ActiveCfg = Debug|Any CPU
		{4926625A-0D71-4DAA-9ABA-D361CAA736DF}.Debug|Any CPU.Build.0 = Debug|Any CPU
		{4926625A-0D71-4DAA-9ABA-D361CAA736DF}.Release|Any CPU.ActiveCfg = Release|Any CPU
		{4926625A-0D71-4DAA-9ABA-D361CAA736DF}.Release|Any CPU.Build.0 = Release|Any CPU
		{BEEF4C01-F510-412C-BD4E-B94B4392309B}.Debug|Any CPU.ActiveCfg = Debug|Any CPU
		{BEEF4C01-F510-412C-BD4E-B94B4392309B}.Debug|Any CPU.Build.0 = Debug|Any CPU
		{BEEF4C01-F510-412C-BD4E-B94B4392309B}.Release|Any CPU.ActiveCfg = Release|Any CPU
		{BEEF4C01-F510-412C-BD4E-B94B4392309B}.Release|Any CPU.Build.0 = Release|Any CPU
		{85424E37-383C-40D8-8A65-671480826B2D}.Debug|Any CPU.ActiveCfg = Debug|Any CPU
		{85424E37-383C-40D8-8A65-671480826B2D}.Debug|Any CPU.Build.0 = Debug|Any CPU
		{85424E37-383C-40D8-8A65-671480826B2D}.Release|Any CPU.ActiveCfg = Release|Any CPU
		{85424E37-383C-40D8-8A65-671480826B2D}.Release|Any CPU.Build.0 = Release|Any CPU
	EndGlobalSection
	GlobalSection(SolutionProperties) = preSolution
		HideSolutionNode = FALSE
	EndGlobalSection
	GlobalSection(ExtensibilityGlobals) = postSolution
		EnterpriseLibraryConfigurationToolBinariesPath = packages\Unity.2.1.505.0\lib\NET35
	EndGlobalSection
EndGlobal
